
Microsoft Visual Studio Solution File, Format Version 12.00
# Visual Studio Version 17
VisualStudioVersion = 17.8.34511.84
MinimumVisualStudioVersion = 10.0.40219.1
Project("{FAE04EC0-301F-11D3-BF4B-00C04F79EFBC}") = "ProyectoFinalDIW", "ProyectoFinalDIW\ProyectoFinalDIW.csproj", "{F909B358-0247-4D1A-9AEC-D674C6FCD2EA}"
EndProject
Global
	GlobalSection(SolutionConfigurationPlatforms) = preSolution
		Debug|Any CPU = Debug|Any CPU
		Release|Any CPU = Release|Any CPU
	EndGlobalSection
	GlobalSection(ProjectConfigurationPlatforms) = postSolution
		{F909B358-0247-4D1A-9AEC-D674C6FCD2EA}.Debug|Any CPU.ActiveCfg = Debug|Any CPU
		{F909B358-0247-4D1A-9AEC-D674C6FCD2EA}.Debug|Any CPU.Build.0 = Debug|Any CPU
		{F909B358-0247-4D1A-9AEC-D674C6FCD2EA}.Release|Any CPU.ActiveCfg = Release|Any CPU
		{F909B358-0247-4D1A-9AEC-D674C6FCD2EA}.Release|Any CPU.Build.0 = Release|Any CPU
	EndGlobalSection
	GlobalSection(SolutionProperties) = preSolution
		HideSolutionNode = FALSE
	EndGlobalSection
	GlobalSection(ExtensibilityGlobals) = postSolution
		SolutionGuid = {54D3A216-1259-4FEE-A3CE-69FEA1961F05}
	EndGlobalSection
EndGlobal
